Microsoft Visual Studio Solution File, Format Version 9.00
# Visual Studio 2005
Project("{8BC9CEB8-8B4A-11D0-8D11-00A0C91BC942}") = "parent_notify", "parent_notify.vcproj", "{4D1F2E6E-40C8-4C79-82AD-C4151C5F8D19}"
EndProject
Project("{8BC9CEB8-8B4A-11D0-8D11-00A0C91BC942}") = "base", "C:\wxWidgets-2.8.3\build\msw\wx_base.vcproj", "{675AA893-D5CF-4C46-B4C7-F0FE435E48F7}"
EndProject
Project("{8BC9CEB8-8B4A-11D0-8D11-00A0C91BC942}") = "core", "C:\wxWidgets-2.8.3\build\msw\wx_core.vcproj", "{CAC88A16-8638-4E38-AF0A-90A03C6E3250}"
EndProject
Global
	GlobalSection(SolutionConfigurationPlatforms) = preSolution
		Debug|Win32 = Debug|Win32
		DLL Debug|Win32 = DLL Debug|Win32
		DLL Release|Win32 = DLL Release|Win32
		DLL Unicode Debug|Win32 = DLL Unicode Debug|Win32
		DLL Unicode Release|Win32 = DLL Unicode Release|Win32
		DLL Universal Debug|Win32 = DLL Universal Debug|Win32
		DLL Universal Release|Win32 = DLL Universal Release|Win32
		DLL Universal Unicode Debug|Win32 = DLL Universal Unicode Debug|Win32
		DLL Universal Unicode Release|Win32 = DLL Universal Unicode Release|Win32
		Release|Win32 = Release|Win32
		Unicode Debug|Win32 = Unicode Debug|Win32
		Unicode Release|Win32 = Unicode Release|Win32
		Universal Debug|Win32 = Universal Debug|Win32
		Universal Release|Win32 = Universal Release|Win32
		Universal Unicode Debug|Win32 = Universal Unicode Debug|Win32
		Universal Unicode Release|Win32 = Universal Unicode Release|Win32
	EndGlobalSection
	GlobalSection(ProjectConfigurationPlatforms) = postSolution
		{4D1F2E6E-40C8-4C79-82AD-C4151C5F8D19}.Debug|Win32.ActiveCfg = Debug|Win32
		{4D1F2E6E-40C8-4C79-82AD-C4151C5F8D19}.Debug|Win32.Build.0 = Debug|Win32
		{4D1F2E6E-40C8-4C79-82AD-C4151C5F8D19}.DLL Debug|Win32.ActiveCfg = Debug|Win32
		{4D1F2E6E-40C8-4C79-82AD-C4151C5F8D19}.DLL Debug|Win32.Build.0 = Debug|Win32
		{4D1F2E6E-40C8-4C79-82AD-C4151C5F8D19}.DLL Release|Win32.ActiveCfg = Release|Win32
		{4D1F2E6E-40C8-4C79-82AD-C4151C5F8D19}.DLL Release|Win32.Build.0 = Release|Win32
		{4D1F2E6E-40C8-4C79-82AD-C4151C5F8D19}.DLL Unicode Debug|Win32.ActiveCfg = Debug|Win32
		{4D1F2E6E-40C8-4C79-82AD-C4151C5F8D19}.DLL Unicode Debug|Win32.Build.0 = Debug|Win32
		{4D1F2E6E-40C8-4C79-82AD-C4151C5F8D19}.DLL Unicode Release|Win32.ActiveCfg = Release|Win32
		{4D1F2E6E-40C8-4C79-82AD-C4151C5F8D19}.DLL Unicode Release|Win32.Build.0 = Release|Win32
		{4D1F2E6E-40C8-4C79-82AD-C4151C5F8D19}.DLL Universal Debug|Win32.ActiveCfg = Debug|Win32
		{4D1F2E6E-40C8-4C79-82AD-C4151C5F8D19}.DLL Universal Debug|Win32.Build.0 = Debug|Win32
		{4D1F2E6E-40C8-4C79-82AD-C4151C5F8D19}.DLL Universal Release|Win32.ActiveCfg = Release|Win32
		{4D1F2E6E-40C8-4C79-82AD-C4151C5F8D19}.DLL Universal Release|Win32.Build.0 = Release|Win32
		{4D1F2E6E-40C8-4C79-82AD-C4151C5F8D19}.DLL Universal Unicode Debug|Win32.ActiveCfg = Debug|Win32
		{4D1F2E6E-40C8-4C79-82AD-C4151C5F8D19}.DLL Universal Unicode Debug|Win32.Build.0 = Debug|Win32
		{4D1F2E6E-40C8-4C79-82AD-C4151C5F8D19}.DLL Universal Unicode Release|Win32.ActiveCfg = Release|Win32
		{4D1F2E6E-40C8-4C79-82AD-C4151C5F8D19}.DLL Universal Unicode Release|Win32.Build.0 = Release|Win32
		{4D1F2E6E-40C8-4C79-82AD-C4151C5F8D19}.Release|Win32.ActiveCfg = Release|Win32
		{4D1F2E6E-40C8-4C79-82AD-C4151C5F8D19}.Release|Win32.Build.0 = Release|Win32
		{4D1F2E6E-40C8-4C79-82AD-C4151C5F8D19}.Unicode Debug|Win32.ActiveCfg = Debug|Win32
		{4D1F2E6E-40C8-4C79-82AD-C4151C5F8D19}.Unicode Debug|Win32.Build.0 = Debug|Win32
		{4D1F2E6E-40C8-4C79-82AD-C4151C5F8D19}.Unicode Release|Win32.ActiveCfg = Release|Win32
		{4D1F2E6E-40C8-4C79-82AD-C4151C5F8D19}.Unicode Release|Win32.Build.0 = Release|Win32
		{4D1F2E6E-40C8-4C79-82AD-C4151C5F8D19}.Universal Debug|Win32.ActiveCfg = Debug|Win32
		{4D1F2E6E-40C8-4C79-82AD-C4151C5F8D19}.Universal Debug|Win32.Build.0 = Debug|Win32
		{4D1F2E6E-40C8-4C79-82AD-C4151C5F8D19}.Universal Release|Win32.ActiveCfg = Release|Win32
		{4D1F2E6E-40C8-4C79-82AD-C4151C5F8D19}.Universal Release|Win32.Build.0 = Release|Win32
		{4D1F2E6E-40C8-4C79-82AD-C4151C5F8D19}.Universal Unicode Debug|Win32.ActiveCfg = Debug|Win32
		{4D1F2E6E-40C8-4C79-82AD-C4151C5F8D19}.Universal Unicode Debug|Win32.Build.0 = Debug|Win32
		{4D1F2E6E-40C8-4C79-82AD-C4151C5F8D19}.Universal Unicode Release|Win32.ActiveCfg = Release|Win32
		{4D1F2E6E-40C8-4C79-82AD-C4151C5F8D19}.Universal Unicode Release|Win32.Build.0 = Release|Win32
		{675AA893-D5CF-4C46-B4C7-F0FE435E48F7}.Debug|Win32.ActiveCfg = Debug|Win32
		{675AA893-D5CF-4C46-B4C7-F0FE435E48F7}.Debug|Win32.Build.0 = Debug|Win32
		{675AA893-D5CF-4C46-B4C7-F0FE435E48F7}.DLL Debug|Win32.ActiveCfg = DLL Debug|Win32
		{675AA893-D5CF-4C46-B4C7-F0FE435E48F7}.DLL Debug|Win32.Build.0 = DLL Debug|Win32
		{675AA893-D5CF-4C46-B4C7-F0FE435E48F7}.DLL Release|Win32.ActiveCfg = DLL Release|Win32
		{675AA893-D5CF-4C46-B4C7-F0FE435E48F7}.DLL Release|Win32.Build.0 = DLL Release|Win32
		{675AA893-D5CF-4C46-B4C7-F0FE435E48F7}.DLL Unicode Debug|Win32.ActiveCfg = DLL Unicode Debug|Win32
		{675AA893-D5CF-4C46-B4C7-F0FE435E48F7}.DLL Unicode Debug|Win32.Build.0 = DLL Unicode Debug|Win32
		{675AA893-D5CF-4C46-B4C7-F0FE435E48F7}.DLL Unicode Release|Win32.ActiveCfg = DLL Unicode Release|Win32
		{675AA893-D5CF-4C46-B4C7-F0FE435E48F7}.DLL Unicode Release|Win32.Build.0 = DLL Unicode Release|Win32
		{675AA893-D5CF-4C46-B4C7-F0FE435E48F7}.DLL Universal Debug|Win32.ActiveCfg = DLL Universal Debug|Win32
		{675AA893-D5CF-4C46-B4C7-F0FE435E48F7}.DLL Universal Debug|Win32.Build.0 = DLL Universal Debug|Win32
		{675AA893-D5CF-4C46-B4C7-F0FE435E48F7}.DLL Universal Release|Win32.ActiveCfg = DLL Universal Release|Win32
		{675AA893-D5CF-4C46-B4C7-F0FE435E48F7}.DLL Universal Release|Win32.Build.0 = DLL Universal Release|Win32
		{675AA893-D5CF-4C46-B4C7-F0FE435E48F7}.DLL Universal Unicode Debug|Win32.ActiveCfg = DLL Universal Unicode Debug|Win32
		{675AA893-D5CF-4C46-B4C7-F0FE435E48F7}.DLL Universal Unicode Debug|Win32.Build.0 = DLL Universal Unicode Debug|Win32
		{675AA893-D5CF-4C46-B4C7-F0FE435E48F7}.DLL Universal Unicode Release|Win32.ActiveCfg = DLL Universal Unicode Release|Win32
		{675AA893-D5CF-4C46-B4C7-F0FE435E48F7}.DLL Universal Unicode Release|Win32.Build.0 = DLL Universal Unicode Release|Win32
		{675AA893-D5CF-4C46-B4C7-F0FE435E48F7}.Release|Win32.ActiveCfg = Release|Win32
		{675AA893-D5CF-4C46-B4C7-F0FE435E48F7}.Release|Win32.Build.0 = Release|Win32
		{675AA893-D5CF-4C46-B4C7-F0FE435E48F7}.Unicode Debug|Win32.ActiveCfg = Unicode Debug|Win32
		{675AA893-D5CF-4C46-B4C7-F0FE435E48F7}.Unicode Debug|Win32.Build.0 = Unicode Debug|Win32
		{675AA893-D5CF-4C46-B4C7-F0FE435E48F7}.Unicode Release|Win32.ActiveCfg = Unicode Release|Win32
		{675AA893-D5CF-4C46-B4C7-F0FE435E48F7}.Unicode Release|Win32.Build.0 = Unicode Release|Win32
		{675AA893-D5CF-4C46-B4C7-F0FE435E48F7}.Universal Debug|Win32.ActiveCfg = Universal Debug|Win32
		{675AA893-D5CF-4C46-B4C7-F0FE435E48F7}.Universal Debug|Win32.Build.0 = Universal Debug|Win32
		{675AA893-D5CF-4C46-B4C7-F0FE435E48F7}.Universal Release|Win32.ActiveCfg = Universal Release|Win32
		{675AA893-D5CF-4C46-B4C7-F0FE435E48F7}.Universal Release|Win32.Build.0 = Universal Release|Win32
		{675AA893-D5CF-4C46-B4C7-F0FE435E48F7}.Universal Unicode Debug|Win32.ActiveCfg = Universal Unicode Debug|Win32
		{675AA893-D5CF-4C46-B4C7-F0FE435E48F7}.Universal Unicode Debug|Win32.Build.0 = Universal Unicode Debug|Win32
		{675AA893-D5CF-4C46-B4C7-F0FE435E48F7}.Universal Unicode Release|Win32.ActiveCfg = Universal Unicode Release|Win32
		{675AA893-D5CF-4C46-B4C7-F0FE435E48F7}.Universal Unicode Release|Win32.Build.0 = Universal Unicode Release|Win32
		{CAC88A16-8638-4E38-AF0A-90A03C6E3250}.Debug|Win32.ActiveCfg = Debug|Win32
		{CAC88A16-8638-4E38-AF0A-90A03C6E3250}.Debug|Win32.Build.0 = Debug|Win32
		{CAC88A16-8638-4E38-AF0A-90A03C6E3250}.DLL Debug|Win32.ActiveCfg = DLL Debug|Win32
		{CAC88A16-8638-4E38-AF0A-90A03C6E3250}.DLL Debug|Win32.Build.0 = DLL Debug|Win32
		{CAC88A16-8638-4E38-AF0A-90A03C6E3250}.DLL Release|Win32.ActiveCfg = DLL Release|Win32
		{CAC88A16-8638-4E38-AF0A-90A03C6E3250}.DLL Release|Win32.Build.0 = DLL Release|Win32
		{CAC88A16-8638-4E38-AF0A-90A03C6E3250}.DLL Unicode Debug|Win32.ActiveCfg = DLL Unicode Debug|Win32
		{CAC88A16-8638-4E38-AF0A-90A03C6E3250}.DLL Unicode Debug|Win32.Build.0 = DLL Unicode Debug|Win32
		{CAC88A16-8638-4E38-AF0A-90A03C6E3250}.DLL Unicode Release|Win32.ActiveCfg = DLL Unicode Release|Win32
		{CAC88A16-8638-4E38-AF0A-90A03C6E3250}.DLL Unicode Release|Win32.Build.0 = DLL Unicode Release|Win32
		{CAC88A16-8638-4E38-AF0A-90A03C6E3250}.DLL Universal Debug|Win32.ActiveCfg = DLL Universal Debug|Win32
		{CAC88A16-8638-4E38-AF0A-90A03C6E3250}.DLL Universal Debug|Win32.Build.0 = DLL Universal Debug|Win32
		{CAC88A16-8638-4E38-AF0A-90A03C6E3250}.DLL Universal Release|Win32.ActiveCfg = DLL Universal Release|Win32
		{CAC88A16-8638-4E38-AF0A-90A03C6E3250}.DLL Universal Release|Win32.Build.0 = DLL Universal Release|Win32
		{CAC88A16-8638-4E38-AF0A-90A03C6E3250}.DLL Universal Unicode Debug|Win32.ActiveCfg = DLL Universal Unicode Debug|Win32
		{CAC88A16-8638-4E38-AF0A-90A03C6E3250}.DLL Universal Unicode Debug|Win32.Build.0 = DLL Universal Unicode Debug|Win32
		{CAC88A16-8638-4E38-AF0A-90A03C6E3250}.DLL Universal Unicode Release|Win32.ActiveCfg = DLL Universal Unicode Release|Win32
		{CAC88A16-8638-4E38-AF0A-90A03C6E3250}.DLL Universal Unicode Release|Win32.Build.0 = DLL Universal Unicode Release|Win32
		{CAC88A16-8638-4E38-AF0A-90A03C6E3250}.Release|Win32.ActiveCfg = Release|Win32
		{CAC88A16-8638-4E38-AF0A-90A03C6E3250}.Release|Win32.Build.0 = Release|Win32
		{CAC88A16-8638-4E38-AF0A-90A03C6E3250}.Unicode Debug|Win32.ActiveCfg = Unicode Debug|Win32
		{CAC88A16-8638-4E38-AF0A-90A03C6E3250}.Unicode Debug|Win32.Build.0 = Unicode Debug|Win32
		{CAC88A16-8638-4E38-AF0A-90A03C6E3250}.Unicode Release|Win32.ActiveCfg = Unicode Release|Win32
		{CAC88A16-8638-4E38-AF0A-90A03C6E3250}.Unicode Release|Win32.Build.0 = Unicode Release|Win32
		{CAC88A16-8638-4E38-AF0A-90A03C6E3250}.Universal Debug|Win32.ActiveCfg = Universal Debug|Win32
		{CAC88A16-8638-4E38-AF0A-90A03C6E3250}.Universal Debug|Win32.Build.0 = Universal Debug|Win32
		{CAC88A16-8638-4E38-AF0A-90A03C6E3250}.Universal Release|Win32.ActiveCfg = Universal Release|Win32
		{CAC88A16-8638-4E38-AF0A-90A03C6E3250}.Universal Release|Win32.Build.0 = Universal Release|Win32
		{CAC88A16-8638-4E38-AF0A-90A03C6E3250}.Universal Unicode Debug|Win32.ActiveCfg = Universal Unicode Debug|Win32
		{CAC88A16-8638-4E38-AF0A-90A03C6E3250}.Universal Unicode Debug|Win32.Build.0 = Universal Unicode Debug|Win32
		{CAC88A16-8638-4E38-AF0A-90A03C6E3250}.Universal Unicode Release|Win32.ActiveCfg = Universal Unicode Release|Win32
		{CAC88A16-8638-4E38-AF0A-90A03C6E3250}.Universal Unicode Release|Win32.Build.0 = Universal Unicode Release|Win32
	EndGlobalSection
	GlobalSection(SolutionProperties) = preSolution
		HideSolutionNode = FALSE
	EndGlobalSection
EndGlobal
